Microsoft Visual Studio Solution File, Format Version 12.00
# Visual Studio Version 17
VisualStudioVersion = 17.5.2.0
MinimumVisualStudioVersion = 10.0.40219.1
Project("{FAE04EC0-301F-11D3-BF4B-00C04F79EFBC}") = "Lab1", "Lab1\Lab1.csproj", "{4C38379F-6B46-EF58-4F1F-EC66EF1F7497}"
EndProject
Project("{FAE04EC0-301F-11D3-BF4B-00C04F79EFBC}") = "Lab2", "Lab2\Lab2.csproj", "{5435B85D-E756-48E2-A450-505266F0A216}"
EndProject
Project("{FAE04EC0-301F-11D3-BF4B-00C04F79EFBC}") = "Lab3", "Lab3\Lab3.csproj", "{5F9AE35B-62E7-45EE-A5E1-07F51266B6A9}"
EndProject
Global
	GlobalSection(SolutionConfigurationPlatforms) = preSolution
		Debug|Any CPU = Debug|Any CPU
		Release|Any CPU = Release|Any CPU
	EndGlobalSection
	GlobalSection(ProjectConfigurationPlatforms) = postSolution
		{4C38379F-6B46-EF58-4F1F-EC66EF1F7497}.Debug|Any CPU.ActiveCfg = Debug|Any CPU
		{4C38379F-6B46-EF58-4F1F-EC66EF1F7497}.Debug|Any CPU.Build.0 = Debug|Any CPU
		{4C38379F-6B46-EF58-4F1F-EC66EF1F7497}.Release|Any CPU.ActiveCfg = Release|Any CPU
		{4C38379F-6B46-EF58-4F1F-EC66EF1F7497}.Release|Any CPU.Build.0 = Release|Any CPU
		{5435B85D-E756-48E2-A450-505266F0A216}.Debug|Any CPU.ActiveCfg = Debug|Any CPU
		{5435B85D-E756-48E2-A450-505266F0A216}.Debug|Any CPU.Build.0 = Debug|Any CPU
		{5435B85D-E756-48E2-A450-505266F0A216}.Release|Any CPU.ActiveCfg = Release|Any CPU
		{5435B85D-E756-48E2-A450-505266F0A216}.Release|Any CPU.Build.0 = Release|Any CPU
		{5F9AE35B-62E7-45EE-A5E1-07F51266B6A9}.Debug|Any CPU.ActiveCfg = Debug|Any CPU
		{5F9AE35B-62E7-45EE-A5E1-07F51266B6A9}.Debug|Any CPU.Build.0 = Debug|Any CPU
		{5F9AE35B-62E7-45EE-A5E1-07F51266B6A9}.Release|Any CPU.ActiveCfg = Release|Any CPU
		{5F9AE35B-62E7-45EE-A5E1-07F51266B6A9}.Release|Any CPU.Build.0 = Release|Any CPU
	EndGlobalSection
	GlobalSection(SolutionProperties) = preSolution
		HideSolutionNode = FALSE
	EndGlobalSection
	GlobalSection(ExtensibilityGlobals) = postSolution
		SolutionGuid = {9E5F3702-BFC2-41A5-8AEA-3D8DE27E605F}
	EndGlobalSection
EndGlobal
